
Microsoft Visual Studio Solution File, Format Version 12.00
# Visual Studio Version 17
VisualStudioVersion = 17.13.35818.85
MinimumVisualStudioVersion = 10.0.40219.1
Project("{FAE04EC0-301F-11D3-BF4B-00C04F79EFBC}") = "WSEIMS_HSZF_2024252.Console", "WSEIMS_HSZF_2024252\WSEIMS_HSZF_2024252.Console.csproj", "{81944729-9147-415D-816D-8BEB0F7DFF86}"
EndProject
Project("{2150E333-8FDC-42A3-9474-1A3956D46DE8}") = "Application", "Application", "{02EA681E-C7D8-13C7-8484-4AC65E1B71E8}"
EndProject
Project("{2150E333-8FDC-42A3-9474-1A3956D46DE8}") = "Domain", "Domain", "{69273068-6362-4261-BB70-4A566B3362B4}"
EndProject
Project("{2150E333-8FDC-42A3-9474-1A3956D46DE8}") = "Infrastructure", "Infrastructure", "{518C5A38-6CC6-40D9-BFE2-F05091B61400}"
EndProject
Project("{2150E333-8FDC-42A3-9474-1A3956D46DE8}") = "Presentation", "Presentation", "{F3F298C3-EF75-43FF-9545-7CC1D84B6D73}"
EndProject
Project("{2150E333-8FDC-42A3-9474-1A3956D46DE8}") = "Tests", "Tests", "{4ADEBAB9-38CF-46B0-A7B5-11F7F91A4CCD}"
EndProject
Project("{FAE04EC0-301F-11D3-BF4B-00C04F79EFBC}") = "WSEIMS_HSZF_2024252.Application", "WSEIMS_HSZF_2024252.Application\WSEIMS_HSZF_2024252.Application.csproj", "{3543D16A-EC52-462D-B87A-0105BC407063}"
EndProject
Project("{FAE04EC0-301F-11D3-BF4B-00C04F79EFBC}") = "WSEIMS_HSZF_2024252.Model", "WSEIMS_HSZF_2024252.Model\WSEIMS_HSZF_2024252.Model.csproj", "{E7DD014A-5C65-43EF-9B5F-04A91F395044}"
EndProject
Project("{FAE04EC0-301F-11D3-BF4B-00C04F79EFBC}") = "WSEIMS_HSZF_2024252.Persistence.MsSql", "WSEIMS_HSZF_2024252.Persistence.MsSql\WSEIMS_HSZF_2024252.Persistence.MsSql.csproj", "{D50E421E-192E-4901-86D8-9C26EEDDE59F}"
EndProject
Project("{FAE04EC0-301F-11D3-BF4B-00C04F79EFBC}") = "WSEIMS_HSZF_2024252.Test", "WSEIMS_HSZF_2024252.Test\WSEIMS_HSZF_2024252.Test.csproj", "{FF46A694-E056-410B-A5F2-02E9BC504A4F}"
EndProject
Global
	GlobalSection(SolutionConfigurationPlatforms) = preSolution
		Debug|Any CPU = Debug|Any CPU
		Release|Any CPU = Release|Any CPU
	EndGlobalSection
	GlobalSection(ProjectConfigurationPlatforms) = postSolution
		{81944729-9147-415D-816D-8BEB0F7DFF86}.Debug|Any CPU.ActiveCfg = Debug|Any CPU
		{81944729-9147-415D-816D-8BEB0F7DFF86}.Debug|Any CPU.Build.0 = Debug|Any CPU
		{81944729-9147-415D-816D-8BEB0F7DFF86}.Release|Any CPU.ActiveCfg = Release|Any CPU
		{81944729-9147-415D-816D-8BEB0F7DFF86}.Release|Any CPU.Build.0 = Release|Any CPU
		{3543D16A-EC52-462D-B87A-0105BC407063}.Debug|Any CPU.ActiveCfg = Debug|Any CPU
		{3543D16A-EC52-462D-B87A-0105BC407063}.Debug|Any CPU.Build.0 = Debug|Any CPU
		{3543D16A-EC52-462D-B87A-0105BC407063}.Release|Any CPU.ActiveCfg = Release|Any CPU
		{3543D16A-EC52-462D-B87A-0105BC407063}.Release|Any CPU.Build.0 = Release|Any CPU
		{E7DD014A-5C65-43EF-9B5F-04A91F395044}.Debug|Any CPU.ActiveCfg = Debug|Any CPU
		{E7DD014A-5C65-43EF-9B5F-04A91F395044}.Debug|Any CPU.Build.0 = Debug|Any CPU
		{E7DD014A-5C65-43EF-9B5F-04A91F395044}.Release|Any CPU.ActiveCfg = Release|Any CPU
		{E7DD014A-5C65-43EF-9B5F-04A91F395044}.Release|Any CPU.Build.0 = Release|Any CPU
		{D50E421E-192E-4901-86D8-9C26EEDDE59F}.Debug|Any CPU.ActiveCfg = Debug|Any CPU
		{D50E421E-192E-4901-86D8-9C26EEDDE59F}.Debug|Any CPU.Build.0 = Debug|Any CPU
		{D50E421E-192E-4901-86D8-9C26EEDDE59F}.Release|Any CPU.ActiveCfg = Release|Any CPU
		{D50E421E-192E-4901-86D8-9C26EEDDE59F}.Release|Any CPU.Build.0 = Release|Any CPU
		{FF46A694-E056-410B-A5F2-02E9BC504A4F}.Debug|Any CPU.ActiveCfg = Debug|Any CPU
		{FF46A694-E056-410B-A5F2-02E9BC504A4F}.Debug|Any CPU.Build.0 = Debug|Any CPU
		{FF46A694-E056-410B-A5F2-02E9BC504A4F}.Release|Any CPU.ActiveCfg = Release|Any CPU
		{FF46A694-E056-410B-A5F2-02E9BC504A4F}.Release|Any CPU.Build.0 = Release|Any CPU
	EndGlobalSection
	GlobalSection(SolutionProperties) = preSolution
		HideSolutionNode = FALSE
	EndGlobalSection
	GlobalSection(NestedProjects) = preSolution
		{81944729-9147-415D-816D-8BEB0F7DFF86} = {F3F298C3-EF75-43FF-9545-7CC1D84B6D73}
		{3543D16A-EC52-462D-B87A-0105BC407063} = {02EA681E-C7D8-13C7-8484-4AC65E1B71E8}
		{E7DD014A-5C65-43EF-9B5F-04A91F395044} = {69273068-6362-4261-BB70-4A566B3362B4}
		{D50E421E-192E-4901-86D8-9C26EEDDE59F} = {518C5A38-6CC6-40D9-BFE2-F05091B61400}
		{FF46A694-E056-410B-A5F2-02E9BC504A4F} = {4ADEBAB9-38CF-46B0-A7B5-11F7F91A4CCD}
	EndGlobalSection
	GlobalSection(ExtensibilityGlobals) = postSolution
		SolutionGuid = {358AE5C5-3660-4725-8D37-234652FDFB66}
	EndGlobalSection
EndGlobal
